// !$*UTF8*$!
{
	archiveVersion = 1;
	classes = {
	};
	objectVersion = 50;
	objects = {

/* Begin PBXBuildFile section */
		06458DFF26F9E9DF00B58463 /* AppDelegate.swift in Sources */ = {isa = PBXBuildFile; fileRef = 06458DFE26F9E9DF00B58463 /* AppDelegate.swift */; };
		06458E0126F9E9DF00B58463 /* SceneDelegate.swift in Sources */ = {isa = PBXBuildFile; fileRef = 06458E0026F9E9DF00B58463 /* SceneDelegate.swift */; };
		06458E0326F9E9DF00B58463 /* ViewController.swift in Sources */ = {isa = PBXBuildFile; fileRef = 06458E0226F9E9DF00B58463 /* ViewController.swift */; };
		06458E0626F9E9DF00B58463 /* Main.storyboard in Resources */ = {isa = PBXBuildFile; fileRef = 06458E0426F9E9DF00B58463 /* Main.storyboard */; };
		06458E0826F9E9E200B58463 /* Assets.xcassets in Resources */ = {isa = PBXBuildFile; fileRef = 06458E0726F9E9E200B58463 /* Assets.xcassets */; };
		06458E0B26F9E9E200B58463 /* LaunchScreen.storyboard in Resources */ = {isa = PBXBuildFile; fileRef = 06458E0926F9E9E200B58463 /* LaunchScreen.storyboard */; };
		06458E1726F9F29F00B58463 /* GoogleService-Info.plist in Resources */ = {isa = PBXBuildFile; fileRef = 06458E1626F9F29F00B58463 /* GoogleService-Info.plist */; };
		438FB278B89211ADF38BC9DF /* Pods_gaming_news.framework in Frameworks */ = {isa = PBXBuildFile; fileRef = 83F79E709AAF081638826927 /* Pods_gaming_news.framework */; };
/* End PBXBuildFile section */

/* Begin PBXFileReference section */
		06458DFB26F9E9DF00B58463 /* gaming-news.app */ = {isa = PBXFileReference; explicitFileType = wrapper.application; includeInIndex = 0; path = "gaming-news.app"; sourceTree = BUILT_PRODUCTS_DIR; };
		06458DFE26F9E9DF00B58463 /* AppDelegate.swift */ = {isa = PBXFileReference; lastKnownFileType = sourcecode.swift; path = AppDelegate.swift; sourceTree = "<group>"; };
		06458E0026F9E9DF00B58463 /* SceneDelegate.swift */ = {isa = PBXFileReference; lastKnownFileType = sourcecode.swift; path = SceneDelegate.swift; sourceTree = "<group>"; };
		06458E0226F9E9DF00B58463 /* ViewController.swift */ = {isa = PBXFileReference; lastKnownFileType = sourcecode.swift; path = ViewController.swift; sourceTree = "<group>"; };
		06458E0526F9E9DF00B58463 /* Base */ = {isa = PBXFileReference; lastKnownFileType = file.storyboard; name = Base; path = Base.lproj/Main.storyboard; sourceTree = "<group>"; };
		06458E0726F9E9E200B58463 /* Assets.xcassets */ = {isa = PBXFileReference; lastKnownFileType = folder.assetcatalog; path = Assets.xcassets; sourceTree = "<group>"; };
		06458E0A26F9E9E200B58463 /* Base */ = {isa = PBXFileReference; lastKnownFileType = file.storyboard; name = Base; path = Base.lproj/LaunchScreen.storyboard; sourceTree = "<group>"; };
		06458E0C26F9E9E200B58463 /* Info.plist */ = {isa = PBXFileReference; lastKnownFileType = text.plist.xml; path = Info.plist; sourceTree = "<group>"; };
		06458E1626F9F29F00B58463 /* GoogleService-Info.plist */ = {isa = PBXFileReference; fileEncoding = 4; lastKnownFileType = text.plist.xml; path = "GoogleService-Info.plist"; sourceTree = "<group>"; };
		63A3C4D8969E6392B14D6561 /* Pods-gaming-news.release.xcconfig */ = {isa = PBXFileReference; includeInIndex = 1; lastKnownFileType = text.xcconfig; name = "Pods-gaming-news.release.xcconfig"; path = "Target Support Files/Pods-gaming-news/Pods-gaming-news.release.xcconfig"; sourceTree = "<group>"; };
		83F79E709AAF081638826927 /* Pods_gaming_news.framework */ = {isa = PBXFileReference; explicitFileType = wrapper.framework; includeInIndex = 0; path = Pods_gaming_news.framework; sourceTree = BUILT_PRODUCTS_DIR; };
		B749B1A3B6E64D78B95185FC /* Pods-gaming-news.debug.xcconfig */ = {isa = PBXFileReference; includeInIndex = 1; lastKnownFileType = text.xcconfig; name = "Pods-gaming-news.debug.xcconfig"; path = "Target Support Files/Pods-gaming-news/Pods-gaming-news.debug.xcconfig"; sourceTree = "<group>"; };
/* End PBXFileReference section */

/* Begin PBXFrameworksBuildPhase section */
		06458DF826F9E9DF00B58463 /* Frameworks */ = {
			isa = PBXFrameworksBuildPhase;
			buildActionMask = 2147483647;
			files = (
				438FB278B89211ADF38BC9DF /* Pods_gaming_news.framework in Frameworks */,
			);
			runOnlyForDeploymentPostprocessing = 0;
		};
/* End PBXFrameworksBuildPhase section */

/* Begin PBXGroup section */
		06458DF226F9E9DF00B58463 = {
			isa = PBXGroup;
			children = (
				06458DFD26F9E9DF00B58463 /* gaming-news */,
				06458DFC26F9E9DF00B58463 /* Products */,
				E3508FC37DB82F8E7199F8D8 /* Pods */,
				3FC27A353AEF5F6643DC4A67 /* Frameworks */,
			);
			sourceTree = "<group>";
		};
		06458DFC26F9E9DF00B58463 /* Products */ = {
			isa = PBXGroup;
			children = (
				06458DFB26F9E9DF00B58463 /* gaming-news.app */,
			);
			name = Products;
			sourceTree = "<group>";
		};
		06458DFD26F9E9DF00B58463 /* gaming-news */ = {
			isa = PBXGroup;
			children = (
				06458E1626F9F29F00B58463 /* GoogleService-Info.plist */,
				06458DFE26F9E9DF00B58463 /* AppDelegate.swift */,
				06458E0026F9E9DF00B58463 /* SceneDelegate.swift */,
				06458E0226F9E9DF00B58463 /* ViewController.swift */,
				06458E0426F9E9DF00B58463 /* Main.storyboard */,
				06458E0726F9E9E200B58463 /* Assets.xcassets */,
				06458E0926F9E9E200B58463 /* LaunchScreen.storyboard */,
				06458E0C26F9E9E200B58463 /* Info.plist */,
				3CE9519526F9EE4300526A66 /* TableViewController.swift */,
			);
			path = "gaming-news";
			sourceTree = "<group>";
		};
		3FC27A353AEF5F6643DC4A67 /* Frameworks */ = {
			isa = PBXGroup;
			children = (
				83F79E709AAF081638826927 /* Pods_gaming_news.framework */,
			);
			name = Frameworks;
			sourceTree = "<group>";
		};
		E3508FC37DB82F8E7199F8D8 /* Pods */ = {
			isa = PBXGroup;
			children = (
				B749B1A3B6E64D78B95185FC /* Pods-gaming-news.debug.xcconfig */,
				63A3C4D8969E6392B14D6561 /* Pods-gaming-news.release.xcconfig */,
			);
			name = Pods;
			path = Pods;
			sourceTree = "<group>";
		};
/* End PBXGroup section */

/* Begin PBXNativeTarget section */
		06458DFA26F9E9DF00B58463 /* gaming-news */ = {
			isa = PBXNativeTarget;
			buildConfigurationList = 06458E0F26F9E9E200B58463 /* Build configuration list for PBXNativeTarget "gaming-news" */;
			buildPhases = (
				DE830F767845B8C4E860C389 /* [CP] Check Pods Manifest.lock */,
				06458DF726F9E9DF00B58463 /* Sources */,
				06458DF826F9E9DF00B58463 /* Frameworks */,
				06458DF926F9E9DF00B58463 /* Resources */,
				03EAC485CD37721209F85F81 /* [CP] Embed Pods Frameworks */,
			);
			buildRules = (
			);
			dependencies = (
			);
			name = "gaming-news";
			productName = "gaming-news";
			productReference = 06458DFB26F9E9DF00B58463 /* gaming-news.app */;
			productType = "com.apple.product-type.application";
		};
/* End PBXNativeTarget section */

/* Begin PBXProject section */
		06458DF326F9E9DF00B58463 /* Project object */ = {
			isa = PBXProject;
			attributes = {
				LastSwiftUpdateCheck = 1240;
				LastUpgradeCheck = 1240;
				TargetAttributes = {
					06458DFA26F9E9DF00B58463 = {
						CreatedOnToolsVersion = 12.4;
					};
				};
			};
			buildConfigurationList = 06458DF626F9E9DF00B58463 /* Build configuration list for PBXProject "gaming-news" */;
			compatibilityVersion = "Xcode 9.3";
			developmentRegion = en;
			hasScannedForEncodings = 0;
			knownRegions = (
				en,
				Base,
			);
			mainGroup = 06458DF226F9E9DF00B58463;
			productRefGroup = 06458DFC26F9E9DF00B58463 /* Products */;
			projectDirPath = "";
			projectRoot = "";
			targets = (
				06458DFA26F9E9DF00B58463 /* gaming-news */,
			);
		};
/* End PBXProject section */

/* Begin PBXResourcesBuildPhase section */
		06458DF926F9E9DF00B58463 /* Resources */ = {
			isa = PBXResourcesBuildPhase;
			buildActionMask = 2147483647;
			files = (
				06458E0B26F9E9E200B58463 /* LaunchScreen.storyboard in Resources */,
				06458E0826F9E9E200B58463 /* Assets.xcassets in Resources */,
				06458E1726F9F29F00B58463 /* GoogleService-Info.plist in Resources */,
				06458E0626F9E9DF00B58463 /* Main.storyboard in Resources */,
			);
			runOnlyForDeploymentPostprocessing = 0;
		};
/* End PBXResourcesBuildPhase section */

/* Begin PBXShellScriptBuildPhase section */
		03EAC485CD37721209F85F81 /* [CP] Embed Pods Frameworks */ = {
			isa = PBXShellScriptBuildPhase;
			buildActionMask = 2147483647;
			files = (
			);
			inputFileListPaths = (
				"${PODS_ROOT}/Target Support Files/Pods-gaming-news/Pods-gaming-news-frameworks-${CONFIGURATION}-input-files.xcfilelist",
			);
			name = "[CP] Embed Pods Frameworks";
			outputFileListPaths = (
				"${PODS_ROOT}/Target Support Files/Pods-gaming-news/Pods-gaming-news-frameworks-${CONFIGURATION}-output-files.xcfilelist",
			);
			runOnlyForDeploymentPostprocessing = 0;
			shellPath = /bin/sh;
			shellScript = "\"${PODS_ROOT}/Target Support Files/Pods-gaming-news/Pods-gaming-news-frameworks.sh\"\n";
			showEnvVarsInLog = 0;
		};
		DE830F767845B8C4E860C389 /* [CP] Check Pods Manifest.lock */ = {
			isa = PBXShellScriptBuildPhase;
			buildActionMask = 2147483647;
			files = (
			);
			inputFileListPaths = (
			);
			inputPaths = (
				"${PODS_PODFILE_DIR_PATH}/Podfile.lock",
				"${PODS_ROOT}/Manifest.lock",
			);
			name = "[CP] Check Pods Manifest.lock";
			outputFileListPaths = (
			);
			outputPaths = (
				"$(DERIVED_FILE_DIR)/Pods-gaming-news-checkManifestLockResult.txt",
			);
			runOnlyForDeploymentPostprocessing = 0;
			shellPath = /bin/sh;
			shellScript = "diff \"${PODS_PODFILE_DIR_PATH}/Podfile.lock\" \"${PODS_ROOT}/Manifest.lock\" > /dev/null\nif [ $? != 0 ] ; then\n    # print error to STDERR\n    echo \"error: The sandbox is not in sync with the Podfile.lock. Run 'pod install' or update your CocoaPods installation.\" >&2\n    exit 1\nfi\n# This output is used by Xcode 'outputs' to avoid re-running this script phase.\necho \"SUCCESS\" > \"${SCRIPT_OUTPUT_FILE_0}\"\n";
			showEnvVarsInLog = 0;
		};
/* End PBXShellScriptBuildPhase section */

/* Begin PBXSourcesBuildPhase section */
		06458DF726F9E9DF00B58463 /* Sources */ = {
			isa = PBXSourcesBuildPhase;
			buildActionMask = 2147483647;
			files = (
				06458E0326F9E9DF00B58463 /* ViewController.swift in Sources */,
				06458DFF26F9E9DF00B58463 /* AppDelegate.swift in Sources */,
				06458E0126F9E9DF00B58463 /* SceneDelegate.swift in Sources */,
				3CE9519626F9EE4300526A66 /* TableViewController.swift in Sources */,
			);
			runOnlyForDeploymentPostprocessing = 0;
		};
/* End PBXSourcesBuildPhase section */

/* Begin PBXVariantGroup section */
		06458E0426F9E9DF00B58463 /* Main.storyboard */ = {
			isa = PBXVariantGroup;
			children = (
				06458E0526F9E9DF00B58463 /* Base */,
			);
			name = Main.storyboard;
			sourceTree = "<group>";
		};
		06458E0926F9E9E200B58463 /* LaunchScreen.storyboard */ = {
			isa = PBXVariantGroup;
			children = (
				06458E0A26F9E9E200B58463 /* Base */,
			);
			name = LaunchScreen.storyboard;
			sourceTree = "<group>";
		};
/* End PBXVariantGroup section */

/* Begin XCBuildConfiguration section */
		06458E0D26F9E9E200B58463 /* Debug */ = {
			isa = XCBuildConfiguration;
			buildSettings = {
				ALWAYS_SEARCH_USER_PATHS = NO;
				CLANG_ANALYZER_NONNULL = YES;
				CLANG_ANALYZER_NUMBER_OBJECT_CONVERSION = YES_AGGRESSIVE;
				CLANG_CXX_LANGUAGE_STANDARD = "gnu++14";
				CLANG_CXX_LIBRARY = "libc++";
				CLANG_ENABLE_MODULES = YES;
				CLANG_ENABLE_OBJC_ARC = YES;
				CLANG_ENABLE_OBJC_WEAK = YES;
				CLANG_WARN_BLOCK_CAPTURE_AUTORELEASING = YES;
				CLANG_WARN_BOOL_CONVERSION = YES;
				CLANG_WARN_COMMA = YES;
				CLANG_WARN_CONSTANT_CONVERSION = YES;
				CLANG_WARN_DEPRECATED_OBJC_IMPLEMENTATIONS = YES;
				CLANG_WARN_DIRECT_OBJC_ISA_USAGE = YES_ERROR;
				CLANG_WARN_DOCUMENTATION_COMMENTS = YES;
				CLANG_WARN_EMPTY_BODY = YES;
				CLANG_WARN_ENUM_CONVERSION = YES;
				CLANG_WARN_INFINITE_RECURSION = YES;
				CLANG_WARN_INT_CONVERSION = YES;
				CLANG_WARN_NON_LITERAL_NULL_CONVERSION = YES;
				CLANG_WARN_OBJC_IMPLICIT_RETAIN_SELF = YES;
				CLANG_WARN_OBJC_LITERAL_CONVERSION = YES;
				CLANG_WARN_OBJC_ROOT_CLASS = YES_ERROR;
				CLANG_WARN_QUOTED_INCLUDE_IN_FRAMEWORK_HEADER = YES;
				CLANG_WARN_RANGE_LOOP_ANALYSIS = YES;
				CLANG_WARN_STRICT_PROTOTYPES = YES;
				CLANG_WARN_SUSPICIOUS_MOVE = YES;
				CLANG_WARN_UNGUARDED_AVAILABILITY = YES_AGGRESSIVE;
				CLANG_WARN_UNREACHABLE_CODE = YES;
				CLANG_WARN__DUPLICATE_METHOD_MATCH = YES;
				COPY_PHASE_STRIP = NO;
				DEBUG_INFORMATION_FORMAT = dwarf;
				ENABLE_STRICT_OBJC_MSGSEND = YES;
				ENABLE_TESTABILITY = YES;
				GCC_C_LANGUAGE_STANDARD = gnu11;
				GCC_DYNAMIC_NO_PIC = NO;
				GCC_NO_COMMON_BLOCKS = YES;
				GCC_OPTIMIZATION_LEVEL = 0;
				GCC_PREPROCESSOR_DEFINITIONS = (
					"DEBUG=1",
					"$(inherited)",
				);
				GCC_WARN_64_TO_32_BIT_CONVERSION = YES;
				GCC_WARN_ABOUT_RETURN_TYPE = YES_ERROR;
				GCC_WARN_UNDECLARED_SELECTOR = YES;
				GCC_WARN_UNINITIALIZED_AUTOS = YES_AGGRESSIVE;
				GCC_WARN_UNUSED_FUNCTION = YES;
				GCC_WARN_UNUSED_VARIABLE = YES;
				IPHONEOS_DEPLOYMENT_TARGET = 14.4;
				MTL_ENABLE_DEBUG_INFO = INCLUDE_SOURCE;
				MTL_FAST_MATH = YES;
				ONLY_ACTIVE_ARCH = YES;
				SDKROOT = iphoneos;
				SWIFT_ACTIVE_COMPILATION_CONDITIONS = DEBUG;
				SWIFT_OPTIMIZATION_LEVEL = "-Onone";
			};
			name = Debug;
		};
		06458E0E26F9E9E200B58463 /* Release */ = {
			isa = XCBuildConfiguration;
			buildSettings = {
				ALWAYS_SEARCH_USER_PATHS = NO;
				CLANG_ANALYZER_NONNULL = YES;
				CLANG_ANALYZER_NUMBER_OBJECT_CONVERSION = YES_AGGRESSIVE;
				CLANG_CXX_LANGUAGE_STANDARD = "gnu++14";
				CLANG_CXX_LIBRARY = "libc++";
				CLANG_ENABLE_MODULES = YES;
				CLANG_ENABLE_OBJC_ARC = YES;
				CLANG_ENABLE_OBJC_WEAK = YES;
				CLANG_WARN_BLOCK_CAPTURE_AUTORELEASING = YES;
				CLANG_WARN_BOOL_CONVERSION = YES;
				CLANG_WARN_COMMA = YES;
				CLANG_WARN_CONSTANT_CONVERSION = YES;
				CLANG_WARN_DEPRECATED_OBJC_IMPLEMENTATIONS = YES;
				CLANG_WARN_DIRECT_OBJC_ISA_USAGE = YES_ERROR;
				CLANG_WARN_DOCUMENTATION_COMMENTS = YES;
				CLANG_WARN_EMPTY_BODY = YES;
				CLANG_WARN_ENUM_CONVERSION = YES;
				CLANG_WARN_INFINITE_RECURSION = YES;
				CLANG_WARN_INT_CONVERSION = YES;
				CLANG_WARN_NON_LITERAL_NULL_CONVERSION = YES;
				CLANG_WARN_OBJC_IMPLICIT_RETAIN_SELF = YES;
				CLANG_WARN_OBJC_LITERAL_CONVERSION = YES;
				CLANG_WARN_OBJC_ROOT_CLASS = YES_ERROR;
				CLANG_WARN_QUOTED_INCLUDE_IN_FRAMEWORK_HEADER = YES;
				CLANG_WARN_RANGE_LOOP_ANALYSIS = YES;
				CLANG_WARN_STRICT_PROTOTYPES = YES;
				CLANG_WARN_SUSPICIOUS_MOVE = YES;
				CLANG_WARN_UNGUARDED_AVAILABILITY = YES_AGGRESSIVE;
				CLANG_WARN_UNREACHABLE_CODE = YES;
				CLANG_WARN__DUPLICATE_METHOD_MATCH = YES;
				COPY_PHASE_STRIP = NO;
				DEBUG_INFORMATION_FORMAT = "dwarf-with-dsym";
				ENABLE_NS_ASSERTIONS = NO;
				ENABLE_STRICT_OBJC_MSGSEND = YES;
				GCC_C_LANGUAGE_STANDARD = gnu11;
				GCC_NO_COMMON_BLOCKS = YES;
				GCC_WARN_64_TO_32_BIT_CONVERSION = YES;
				GCC_WARN_ABOUT_RETURN_TYPE = YES_ERROR;
				GCC_WARN_UNDECLARED_SELECTOR = YES;
				GCC_WARN_UNINITIALIZED_AUTOS = YES_AGGRESSIVE;
				GCC_WARN_UNUSED_FUNCTION = YES;
				GCC_WARN_UNUSED_VARIABLE = YES;
				IPHONEOS_DEPLOYMENT_TARGET = 14.4;
				MTL_ENABLE_DEBUG_INFO = NO;
				MTL_FAST_MATH = YES;
				SDKROOT = iphoneos;
				SWIFT_COMPILATION_MODE = wholemodule;
				SWIFT_OPTIMIZATION_LEVEL = "-O";
				VALIDATE_PRODUCT = YES;
			};
			name = Release;
		};
		06458E1026F9E9E200B58463 /* Debug */ = {
			isa = XCBuildConfiguration;
			baseConfigurationReference = B749B1A3B6E64D78B95185FC /* Pods-gaming-news.debug.xcconfig */;
			buildSettings = {
				ASSETCATALOG_COMPILER_APPICON_NAME = AppIcon;
				ASSETCATALOG_COMPILER_GLOBAL_ACCENT_COLOR_NAME = AccentColor;
				CODE_SIGN_STYLE = Automatic;
				INFOPLIST_FILE = "gaming-news/Info.plist";
				LD_RUNPATH_SEARCH_PATHS = (
					"$(inherited)",
					"@executable_path/Frameworks",
				);
				PRODUCT_BUNDLE_IDENTIFIER = "com.bussinesscard.gaming-news";
				PRODUCT_NAME = "$(TARGET_NAME)";
				SWIFT_VERSION = 5.0;
				TARGETED_DEVICE_FAMILY = "1,2";
			};
			name = Debug;
		};
		06458E1126F9E9E200B58463 /* Release */ = {
			isa = XCBuildConfiguration;
			baseConfigurationReference = 63A3C4D8969E6392B14D6561 /* Pods-gaming-news.release.xcconfig */;
			buildSettings = {
				ASSETCATALOG_COMPILER_APPICON_NAME = AppIcon;
				ASSETCATALOG_COMPILER_GLOBAL_ACCENT_COLOR_NAME = AccentColor;
				CODE_SIGN_STYLE = Automatic;
				INFOPLIST_FILE = "gaming-news/Info.plist";
				LD_RUNPATH_SEARCH_PATHS = (
					"$(inherited)",
					"@executable_path/Frameworks",
				);
				PRODUCT_BUNDLE_IDENTIFIER = "com.bussinesscard.gaming-news";
				PRODUCT_NAME = "$(TARGET_NAME)";
				SWIFT_VERSION = 5.0;
				TARGETED_DEVICE_FAMILY = "1,2";
			};
			name = Release;
		};
/* End XCBuildConfiguration section */

/* Begin XCConfigurationList section */
		06458DF626F9E9DF00B58463 /* Build configuration list for PBXProject "gaming-news" */ = {
			isa = XCConfigurationList;
			buildConfigurations = (
				06458E0D26F9E9E200B58463 /* Debug */,
				06458E0E26F9E9E200B58463 /* Release */,
			);
			defaultConfigurationIsVisible = 0;
			defaultConfigurationName = Release;
		};
		06458E0F26F9E9E200B58463 /* Build configuration list for PBXNativeTarget "gaming-news" */ = {
			isa = XCConfigurationList;
			buildConfigurations = (
				06458E1026F9E9E200B58463 /* Debug */,
				06458E1126F9E9E200B58463 /* Release */,
			);
			defaultConfigurationIsVisible = 0;
			defaultConfigurationName = Release;
		};
/* End XCConfigurationList section */
	};
	rootObject = 06458DF326F9E9DF00B58463 /* Project object */;
}
